
Microsoft Visual Studio Solution File, Format Version 12.00
# Visual Studio Version 16
VisualStudioVersion = 16.0.31829.152
MinimumVisualStudioVersion = 10.0.40219.1
Project("{9A19103F-16F7-4668-BE54-9A1E7A4F7556}") = "APIServer.Application.WebAPI", "APIServerRepo\APIServer.Application.WebAPI.csproj", "{7DB5EC6B-9408-45AF-912E-E6B0DFEF8447}"
EndProject
Project("{2150E333-8FDC-42A3-9474-1A3956D46DE8}") = "Libraries", "Libraries", "{1690DCA5-180C-47FF-8B7F-474523C4E46F}"
EndProject
Project("{2150E333-8FDC-42A3-9474-1A3956D46DE8}") = "Tests", "Tests", "{F58B018A-F8B2-4ACF-AFF4-D7C24A5D55F7}"
EndProject
Project("{9A19103F-16F7-4668-BE54-9A1E7A4F7556}") = "APIServer.Application.WebAPI.Tests", "APIServer.Application.WebAPI.Tests\APIServer.Application.WebAPI.Tests.csproj", "{8135AAA7-18D9-45E9-8EF0-7A7FD71993B2}"
EndProject
Project("{9A19103F-16F7-4668-BE54-9A1E7A4F7556}") = "APIServer.Application.Command.Tests", "APIServer.Application.Command.Tests\APIServer.Application.Command.Tests.csproj", "{C9F78CD8-CB44-4FD6-A62B-158415BD93AA}"
EndProject
Project("{9A19103F-16F7-4668-BE54-9A1E7A4F7556}") = "APIServer.Application.Query.Tests", "APIServer.Application.Query.Tests\APIServer.Application.Query.Tests.csproj", "{E5434184-8675-4C32-BDBE-FD1039F63C13}"
EndProject
Project("{9A19103F-16F7-4668-BE54-9A1E7A4F7556}") = "APIServer.Application.Persistence.Tests", "APIServer.Application.Persistence.Tests\APIServer.Application.Persistence.Tests.csproj", "{DF15757D-4407-4062-A909-BE0FBB86979F}"
EndProject
Project("{9A19103F-16F7-4668-BE54-9A1E7A4F7556}") = "APIServer.Application.Domain.Tests", "APIServer.Application.Domain.Tests\APIServer.Application.Domain.Tests.csproj", "{61539345-F10B-43B8-914E-9690E929A1AA}"
EndProject
Project("{9A19103F-16F7-4668-BE54-9A1E7A4F7556}") = "APIServer.Query", "APIServer.Query\APIServer.Query.csproj", "{E4069722-A7B4-47F2-B901-B87BECB36321}"
EndProject
Project("{9A19103F-16F7-4668-BE54-9A1E7A4F7556}") = "APIServer.Persistence", "APIServer.Persistence\APIServer.Persistence.csproj", "{8FBF162E-8108-4E42-A4D5-71CBD0F401F4}"
EndProject
Project("{9A19103F-16F7-4668-BE54-9A1E7A4F7556}") = "APIServer.Domain", "APIServer.Domain\APIServer.Domain.csproj", "{D7B54F6C-7118-4352-9CF3-FF32DB829D5B}"
EndProject
Project("{9A19103F-16F7-4668-BE54-9A1E7A4F7556}") = "APIServer.Core", "APIServer.Core\APIServer.Core.csproj", "{CB27155A-3C02-4172-BCB0-CA46A44FA0A8}"
EndProject
Project("{9A19103F-16F7-4668-BE54-9A1E7A4F7556}") = "APIServer.Command", "APIServer.Command\APIServer.Command.csproj", "{A9090B5D-A1AC-418E-9C5C-19EB2C0D1973}"
EndProject
Project("{FAE04EC0-301F-11D3-BF4B-00C04F79EFBC}") = "APIServer.Application.Core", "APIServer.Application.Core\APIServer.Application.Core.csproj", "{1F084368-F972-4CAC-823B-A969AA477540}"
EndProject
Global
	GlobalSection(SolutionConfigurationPlatforms) = preSolution
		Debug|Any CPU = Debug|Any CPU
		Release|Any CPU = Release|Any CPU
	EndGlobalSection
	GlobalSection(ProjectConfigurationPlatforms) = postSolution
		{7DB5EC6B-9408-45AF-912E-E6B0DFEF8447}.Debug|Any CPU.ActiveCfg = Debug|Any CPU
		{7DB5EC6B-9408-45AF-912E-E6B0DFEF8447}.Debug|Any CPU.Build.0 = Debug|Any CPU
		{7DB5EC6B-9408-45AF-912E-E6B0DFEF8447}.Release|Any CPU.ActiveCfg = Release|Any CPU
		{7DB5EC6B-9408-45AF-912E-E6B0DFEF8447}.Release|Any CPU.Build.0 = Release|Any CPU
		{8135AAA7-18D9-45E9-8EF0-7A7FD71993B2}.Debug|Any CPU.ActiveCfg = Debug|Any CPU
		{8135AAA7-18D9-45E9-8EF0-7A7FD71993B2}.Debug|Any CPU.Build.0 = Debug|Any CPU
		{8135AAA7-18D9-45E9-8EF0-7A7FD71993B2}.Release|Any CPU.ActiveCfg = Release|Any CPU
		{8135AAA7-18D9-45E9-8EF0-7A7FD71993B2}.Release|Any CPU.Build.0 = Release|Any CPU
		{C9F78CD8-CB44-4FD6-A62B-158415BD93AA}.Debug|Any CPU.ActiveCfg = Debug|Any CPU
		{C9F78CD8-CB44-4FD6-A62B-158415BD93AA}.Debug|Any CPU.Build.0 = Debug|Any CPU
		{C9F78CD8-CB44-4FD6-A62B-158415BD93AA}.Release|Any CPU.ActiveCfg = Release|Any CPU
		{C9F78CD8-CB44-4FD6-A62B-158415BD93AA}.Release|Any CPU.Build.0 = Release|Any CPU
		{E5434184-8675-4C32-BDBE-FD1039F63C13}.Debug|Any CPU.ActiveCfg = Debug|Any CPU
		{E5434184-8675-4C32-BDBE-FD1039F63C13}.Debug|Any CPU.Build.0 = Debug|Any CPU
		{E5434184-8675-4C32-BDBE-FD1039F63C13}.Release|Any CPU.ActiveCfg = Release|Any CPU
		{E5434184-8675-4C32-BDBE-FD1039F63C13}.Release|Any CPU.Build.0 = Release|Any CPU
		{DF15757D-4407-4062-A909-BE0FBB86979F}.Debug|Any CPU.ActiveCfg = Debug|Any CPU
		{DF15757D-4407-4062-A909-BE0FBB86979F}.Debug|Any CPU.Build.0 = Debug|Any CPU
		{DF15757D-4407-4062-A909-BE0FBB86979F}.Release|Any CPU.ActiveCfg = Release|Any CPU
		{DF15757D-4407-4062-A909-BE0FBB86979F}.Release|Any CPU.Build.0 = Release|Any CPU
		{61539345-F10B-43B8-914E-9690E929A1AA}.Debug|Any CPU.ActiveCfg = Debug|Any CPU
		{61539345-F10B-43B8-914E-9690E929A1AA}.Debug|Any CPU.Build.0 = Debug|Any CPU
		{61539345-F10B-43B8-914E-9690E929A1AA}.Release|Any CPU.ActiveCfg = Release|Any CPU
		{61539345-F10B-43B8-914E-9690E929A1AA}.Release|Any CPU.Build.0 = Release|Any CPU
		{E4069722-A7B4-47F2-B901-B87BECB36321}.Debug|Any CPU.ActiveCfg = Debug|Any CPU
		{E4069722-A7B4-47F2-B901-B87BECB36321}.Debug|Any CPU.Build.0 = Debug|Any CPU
		{E4069722-A7B4-47F2-B901-B87BECB36321}.Release|Any CPU.ActiveCfg = Release|Any CPU
		{E4069722-A7B4-47F2-B901-B87BECB36321}.Release|Any CPU.Build.0 = Release|Any CPU
		{8FBF162E-8108-4E42-A4D5-71CBD0F401F4}.Debug|Any CPU.ActiveCfg = Debug|Any CPU
		{8FBF162E-8108-4E42-A4D5-71CBD0F401F4}.Debug|Any CPU.Build.0 = Debug|Any CPU
		{8FBF162E-8108-4E42-A4D5-71CBD0F401F4}.Release|Any CPU.ActiveCfg = Release|Any CPU
		{8FBF162E-8108-4E42-A4D5-71CBD0F401F4}.Release|Any CPU.Build.0 = Release|Any CPU
		{D7B54F6C-7118-4352-9CF3-FF32DB829D5B}.Debug|Any CPU.ActiveCfg = Debug|Any CPU
		{D7B54F6C-7118-4352-9CF3-FF32DB829D5B}.Debug|Any CPU.Build.0 = Debug|Any CPU
		{D7B54F6C-7118-4352-9CF3-FF32DB829D5B}.Release|Any CPU.ActiveCfg = Release|Any CPU
		{D7B54F6C-7118-4352-9CF3-FF32DB829D5B}.Release|Any CPU.Build.0 = Release|Any CPU
		{CB27155A-3C02-4172-BCB0-CA46A44FA0A8}.Debug|Any CPU.ActiveCfg = Debug|Any CPU
		{CB27155A-3C02-4172-BCB0-CA46A44FA0A8}.Debug|Any CPU.Build.0 = Debug|Any CPU
		{CB27155A-3C02-4172-BCB0-CA46A44FA0A8}.Release|Any CPU.ActiveCfg = Release|Any CPU
		{CB27155A-3C02-4172-BCB0-CA46A44FA0A8}.Release|Any CPU.Build.0 = Release|Any CPU
		{A9090B5D-A1AC-418E-9C5C-19EB2C0D1973}.Debug|Any CPU.ActiveCfg = Debug|Any CPU
		{A9090B5D-A1AC-418E-9C5C-19EB2C0D1973}.Debug|Any CPU.Build.0 = Debug|Any CPU
		{A9090B5D-A1AC-418E-9C5C-19EB2C0D1973}.Release|Any CPU.ActiveCfg = Release|Any CPU
		{A9090B5D-A1AC-418E-9C5C-19EB2C0D1973}.Release|Any CPU.Build.0 = Release|Any CPU
		{1F084368-F972-4CAC-823B-A969AA477540}.Debug|Any CPU.ActiveCfg = Debug|Any CPU
		{1F084368-F972-4CAC-823B-A969AA477540}.Debug|Any CPU.Build.0 = Debug|Any CPU
		{1F084368-F972-4CAC-823B-A969AA477540}.Release|Any CPU.ActiveCfg = Release|Any CPU
		{1F084368-F972-4CAC-823B-A969AA477540}.Release|Any CPU.Build.0 = Release|Any CPU
	EndGlobalSection
	GlobalSection(SolutionProperties) = preSolution
		HideSolutionNode = FALSE
	EndGlobalSection
	GlobalSection(NestedProjects) = preSolution
		{8135AAA7-18D9-45E9-8EF0-7A7FD71993B2} = {F58B018A-F8B2-4ACF-AFF4-D7C24A5D55F7}
		{C9F78CD8-CB44-4FD6-A62B-158415BD93AA} = {F58B018A-F8B2-4ACF-AFF4-D7C24A5D55F7}
		{E5434184-8675-4C32-BDBE-FD1039F63C13} = {F58B018A-F8B2-4ACF-AFF4-D7C24A5D55F7}
		{DF15757D-4407-4062-A909-BE0FBB86979F} = {F58B018A-F8B2-4ACF-AFF4-D7C24A5D55F7}
		{61539345-F10B-43B8-914E-9690E929A1AA} = {F58B018A-F8B2-4ACF-AFF4-D7C24A5D55F7}
		{E4069722-A7B4-47F2-B901-B87BECB36321} = {1690DCA5-180C-47FF-8B7F-474523C4E46F}
		{8FBF162E-8108-4E42-A4D5-71CBD0F401F4} = {1690DCA5-180C-47FF-8B7F-474523C4E46F}
		{D7B54F6C-7118-4352-9CF3-FF32DB829D5B} = {1690DCA5-180C-47FF-8B7F-474523C4E46F}
		{CB27155A-3C02-4172-BCB0-CA46A44FA0A8} = {1690DCA5-180C-47FF-8B7F-474523C4E46F}
		{A9090B5D-A1AC-418E-9C5C-19EB2C0D1973} = {1690DCA5-180C-47FF-8B7F-474523C4E46F}
	EndGlobalSection
	GlobalSection(ExtensibilityGlobals) = postSolution
		SolutionGuid = {FB01F68A-3654-4367-8E57-5EA555D00D8D}
	EndGlobalSection
EndGlobal
